
Microsoft Visual Studio Solution File, Format Version 12.00
# Visual Studio Version 17
VisualStudioVersion = 17.0.31903.59
MinimumVisualStudioVersion = 10.0.40219.1
Project("{FAE04EC0-301F-11D3-BF4B-00C04F79EFBC}") = "WindowsCommands", "WindowsCommands\WindowsCommands.csproj", "{DC5451B7-65A6-4510-B28E-83C03C4176D4}"
EndProject
Project("{2150E333-8FDC-42A3-9474-1A3956D46DE8}") = "Solution Items", "Solution Items", "{81696DFE-98C0-466B-A28B-84A0AF5A0DC9}"
	ProjectSection(SolutionItems) = preProject
		docker-compose.yml = docker-compose.yml
	EndProjectSection
EndProject
Global
	GlobalSection(SolutionConfigurationPlatforms) = preSolution
		Debug|Any CPU = Debug|Any CPU
		Release|Any CPU = Release|Any CPU
	EndGlobalSection
	GlobalSection(SolutionProperties) = preSolution
		HideSolutionNode = FALSE
	EndGlobalSection
	GlobalSection(ProjectConfigurationPlatforms) = postSolution
		{DC5451B7-65A6-4510-B28E-83C03C4176D4}.Debug|Any CPU.ActiveCfg = Debug|Any CPU
		{DC5451B7-65A6-4510-B28E-83C03C4176D4}.Debug|Any CPU.Build.0 = Debug|Any CPU
		{DC5451B7-65A6-4510-B28E-83C03C4176D4}.Release|Any CPU.ActiveCfg = Release|Any CPU
		{DC5451B7-65A6-4510-B28E-83C03C4176D4}.Release|Any CPU.Build.0 = Release|Any CPU
	EndGlobalSection
EndGlobal
